
Microsoft Visual Studio Solution File, Format Version 12.00
# Visual Studio Version 16
VisualStudioVersion = 16.0.29806.167
MinimumVisualStudioVersion = 10.0.40219.1
Project("{FAE04EC0-301F-11D3-BF4B-00C04F79EFBC}") = "SecretAgent", "SecretAgent\SecretAgent.csproj", "{EBD52823-6D5D-43B4-9D04-9C2F6D33F84E}"
EndProject
Global
	GlobalSection(SolutionConfigurationPlatforms) = preSolution
		Debug|Any CPU = Debug|Any CPU
		Release|Any CPU = Release|Any CPU
	EndGlobalSection
	GlobalSection(ProjectConfigurationPlatforms) = postSolution
		{EBD52823-6D5D-43B4-9D04-9C2F6D33F84E}.Debug|Any CPU.ActiveCfg = Debug|Any CPU
		{EBD52823-6D5D-43B4-9D04-9C2F6D33F84E}.Debug|Any CPU.Build.0 = Debug|Any CPU
		{EBD52823-6D5D-43B4-9D04-9C2F6D33F84E}.Release|Any CPU.ActiveCfg = Release|Any CPU
		{EBD52823-6D5D-43B4-9D04-9C2F6D33F84E}.Release|Any CPU.Build.0 = Release|Any CPU
	EndGlobalSection
	GlobalSection(SolutionProperties) = preSolution
		HideSolutionNode = FALSE
	EndGlobalSection
	GlobalSection(ExtensibilityGlobals) = postSolution
		SolutionGuid = {CF455743-C178-4CBD-8005-ECE608585A83}
	EndGlobalSection
EndGlobal
